{
  "name": "composition",
  "lockfileVersion": 3,
  "requires": true,
  "packages": {
    "": {
      "dependencies": {
        "@uploadcare/file-uploader": "^0.50.1-alpha.2"
      }
    },
    "node_modules/@symbiotejs/symbiote": {
      "version": "1.11.7",
      "resolved": "https://registry.npmjs.org/@symbiotejs/symbiote/-/symbiote-1.11.7.tgz",
      "integrity": "sha512-fUOJwzuldeApJ533YeTdrfnpp4nsA+ss1eiNBodX7RHf4LnhPB2Z9HP4fF3m2YhKYnxK0whjXaKA+wrxTRP5qA=="
    },
    "node_modules/@uploadcare/file-uploader": {
      "version": "0.50.1-alpha.2",
      "resolved": "https://registry.npmjs.org/@uploadcare/file-uploader/-/file-uploader-0.50.1-alpha.2.tgz",
      "integrity": "sha512-FTQayfbAUc3Xvw4uAzJRU54mqQtQSJP2FaIdajGL39f+OHNFta80zGscdNvxbxfFGxifNXLxOkcLGCLZn1j/Rw==",
      "dependencies": {
        "@symbiotejs/symbiote": "^1.11.7",
        "@uploadcare/image-shrink": "^6.14.1",
        "@uploadcare/upload-client": "^6.14.1",
        "keyux": "^0.7.1"
      }
    },
    "node_modules/@uploadcare/image-shrink": {
      "version": "6.14.1",
      "resolved": "https://registry.npmjs.org/@uploadcare/image-shrink/-/image-shrink-6.14.1.tgz",
      "integrity": "sha512-r3uu+9xsgqNqL5hvBya7RDDQVPMpTF12C1MRN80O1H6ITVvWLfngtmUbP44qg7YhAraLoynDJlkmHMiHanCw0w=="
    },
    "node_modules/@uploadcare/upload-client": {
      "version": "6.14.1",
      "resolved": "https://registry.npmjs.org/@uploadcare/upload-client/-/upload-client-6.14.1.tgz",
      "integrity": "sha512-GvXLq6GGyXHjq7tebfv3IqHFpMzuOSuNPOhwCcNPquUbwoAlTEFPLjB2Ir/EZUuCtTWowluLjo4LPDQwvHbqyA==",
      "dependencies": {
        "form-data": "^4.0.0",
        "ws": "^8.2.3"
      },
      "engines": {
        "node": ">=16"
      }
    },
    "node_modules/asynckit": {
      "version": "0.4.0",
      "resolved": "https://registry.npmjs.org/asynckit/-/asynckit-0.4.0.tgz",
      "integrity": "sha512-Oei9OH4tRh0YqU3GxhX79dM/mwVgvbZJaSNaRk+bshkj0S5cfHcgYakreBjrHwatXKbz+IoIdYLxrKim2MjW0Q=="
    },
    "node_modules/combined-stream": {
      "version": "1.0.8",
      "resolved": "https://registry.npmjs.org/combined-stream/-/combined-stream-1.0.8.tgz",
      "integrity": "sha512-FQN4MRfuJeHf7cBbBMJFXhKSDq+2kAArBlmRBvcvFE5BB1HZKXtSFASDhdlz9zOYwxh8lDdnvmMOe/+5cdoEdg==",
      "dependencies": {
        "delayed-stream": "~1.0.0"
      },
      "engines": {
        "node": ">= 0.8"
      }
    },
    "node_modules/delayed-stream": {
      "version": "1.0.0",
      "resolved": "https://registry.npmjs.org/delayed-stream/-/delayed-stream-1.0.0.tgz",
      "integrity": "sha512-ZySD7Nf91aLB0RxL4KGrKHBXl7Eds1DAmEdcoVawXnLD7SDhpNgtuII2aAkg7a7QS41jxPSZ17p4VdGnMHk3MQ==",
      "engines": {
        "node": ">=0.4.0"
      }
    },
    "node_modules/form-data": {
      "version": "4.0.0",
      "resolved": "https://registry.npmjs.org/form-data/-/form-data-4.0.0.tgz",
      "integrity": "sha512-ETEklSGi5t0QMZuiXoA/Q6vcnxcLQP5vdugSpuAyi6SVGi2clPPp+xgEhuMaHC+zGgn31Kd235W35f7Hykkaww==",
      "dependencies": {
        "asynckit": "^0.4.0",
        "combined-stream": "^1.0.8",
        "mime-types": "^2.1.12"
      },
      "engines": {
        "node": ">= 6"
      }
    },
    "node_modules/keyux": {
      "version": "0.7.2",
      "resolved": "https://registry.npmjs.org/keyux/-/keyux-0.7.2.tgz",
      "integrity": "sha512-Z8ULf9BhSx1hI2rKG2uNjcvMgQmza97ZW2w43phS5VaT4wiTka7tOL4i/GJSc79k65tbvpoTVNCZwam0pqoH6A==",
      "funding": [
        {
          "type": "github",
          "url": "https://github.com/sponsors/ai"
        }
      ],
      "engines": {
        "node": "^18.0.0 || >=20.0.0"
      }
    },
    "node_modules/mime-db": {
      "version": "1.52.0",
      "resolved": "https://registry.npmjs.org/mime-db/-/mime-db-1.52.0.tgz",
      "integrity": "sha512-sPU4uV7dYlvtWJxwwxHD0PuihVNiE7TyAbQ5SWxDCB9mUYvOgroQOwYQQOKPJ8CIbE+1ETVlOoK1UC2nU3gYvg==",
      "engines": {
        "node": ">= 0.6"
      }
    },
    "node_modules/mime-types": {
      "version": "2.1.35",
      "resolved": "https://registry.npmjs.org/mime-types/-/mime-types-2.1.35.tgz",
      "integrity": "sha512-ZDY+bPm5zTTF+YpCrAU9nK0UgICYPT0QtT1NZWFv4s++TNkcgVaT0g6+4R2uI4MjQjzysHB1zxuWL50hzaeXiw==",
      "dependencies": {
        "mime-db": "1.52.0"
      },
      "engines": {
        "node": ">= 0.6"
      }
    },
    "node_modules/ws": {
      "version": "8.18.0",
      "resolved": "https://registry.npmjs.org/ws/-/ws-8.18.0.tgz",
      "integrity": "sha512-8VbfWfHLbbwu3+N6OKsOMpBdT4kXPDDB9cJk2bJ6mh9ucxdlnNvH1e+roYkKmN9Nxw2yjz7VzeO9oOz2zJ04Pw==",
      "engines": {
        "node": ">=10.0.0"
      },
      "peerDependencies": {
        "bufferutil": "^4.0.1",
        "utf-8-validate": ">=5.0.2"
      },
      "peerDependenciesMeta": {
        "bufferutil": {
          "optional": true
        },
        "utf-8-validate": {
          "optional": true
        }
      }
    }
  }
}
